<?xml version="1.0" encoding="utf-8"?>
<Project ToolsVersion="4.0" xmlns="http://schemas.microsoft.com/developer/msbuild/2003">
  <ItemGroup>
    <Filter Include="소스 파일">
      <UniqueIdentifier>{4FC737F1-C7A5-4376-A066-2A32D752A2FF}</UniqueIdentifier>
      <Extensions>cpp;c;cc;cxx;def;odl;idl;hpj;bat;asm;asmx</Extensions>
    </Filter>
    <Filter Include="헤더 파일">
      <UniqueIdentifier>{93995380-89BD-4b04-88EB-625FBE52EBFB}</UniqueIdentifier>
      <Extensions>h;hh;hpp;hxx;hm;inl;inc;xsd</Extensions>
    </Filter>
    <Filter Include="리소스 파일">
      <UniqueIdentifier>{67DA6AB6-F800-4c08-8B7A-83BB121AAD01}</UniqueIdentifier>
      <Extensions>rc;ico;cur;bmp;dlg;rc2;rct;bin;rgs;gif;jpg;jpeg;jpe;resx;tiff;tif;png;wav;mfcribbon-ms</Extensions>
    </Filter>
    <Filter Include="01. Core">
      <UniqueIdentifier>{9d5fac79-bd67-4319-9bb7-db2fa7fd4a1c}</UniqueIdentifier>
    </Filter>
    <Filter Include="02. Device">
      <UniqueIdentifier>{47964629-7537-498e-b3cf-00b6a5dcf854}</UniqueIdentifier>
    </Filter>
    <Filter Include="03. Resources">
      <UniqueIdentifier>{7ff4f994-d3bc-4eea-bb41-0da857390df0}</UniqueIdentifier>
    </Filter>
    <Filter Include="04. Rendering">
      <UniqueIdentifier>{5500a4f1-7cb8-4f55-b4ed-799b4762cdc3}</UniqueIdentifier>
    </Filter>
    <Filter Include="05. Scene">
      <UniqueIdentifier>{c96e65ad-608d-4b36-92c5-78f27a9a631d}</UniqueIdentifier>
    </Filter>
    <Filter Include="06. GameObject">
      <UniqueIdentifier>{56cb1e79-00fa-4c48-a1a6-2b55a72ee70c}</UniqueIdentifier>
    </Filter>
    <Filter Include="07. Component">
      <UniqueIdentifier>{6d1686dc-f2d7-45bb-8469-57601c405812}</UniqueIdentifier>
    </Filter>
    <Filter Include="01. Core\01. Math">
      <UniqueIdentifier>{3e387ab1-926b-4f37-9614-be0a91f7f894}</UniqueIdentifier>
    </Filter>
    <Filter Include="01. Core\02. File">
      <UniqueIdentifier>{f1fcbc71-fd7d-4934-ae91-536686a61056}</UniqueIdentifier>
    </Filter>
    <Filter Include="01. Core\03. Timer">
      <UniqueIdentifier>{717ae4fa-4b10-4d47-b3f7-740b079132dc}</UniqueIdentifier>
    </Filter>
    <Filter Include="01. Core\04. Input">
      <UniqueIdentifier>{b9bb9fb6-4303-4471-8f49-648a9b06a0ce}</UniqueIdentifier>
    </Filter>
    <Filter Include="01. Core\05. CollisionManager">
      <UniqueIdentifier>{1e4b36ce-c1e3-4a1d-bfa2-a48416a64a5f}</UniqueIdentifier>
    </Filter>
    <Filter Include="01. Core\06. Scheduler">
      <UniqueIdentifier>{58e5165c-dd21-43ba-8044-3481bd93a23b}</UniqueIdentifier>
    </Filter>
    <Filter Include="03. Resources\01. Mesh">
      <UniqueIdentifier>{aac90cd9-0c1c-48e6-a60a-15b83dc7d2fa}</UniqueIdentifier>
    </Filter>
    <Filter Include="03. Resources\02. Texture">
      <UniqueIdentifier>{2360c9d3-cdac-47d1-9a97-470d8816d261}</UniqueIdentifier>
    </Filter>
    <Filter Include="04. Rendering\01. Shader">
      <UniqueIdentifier>{1353825f-e472-4d20-8d42-8eb9ef96c299}</UniqueIdentifier>
    </Filter>
    <Filter Include="04. Rendering\01. Shader\01. HLSL">
      <UniqueIdentifier>{49b55ac9-344a-4eed-9abc-f3c82e753b85}</UniqueIdentifier>
    </Filter>
    <Filter Include="04. Rendering\02. RenderState">
      <UniqueIdentifier>{ebd273f5-03ed-403f-9f30-f6c9f1dc8c8e}</UniqueIdentifier>
    </Filter>
    <Filter Include="05. Scene\01. Layer">
      <UniqueIdentifier>{82602314-0961-4767-b28c-39dd83c1b334}</UniqueIdentifier>
    </Filter>
    <Filter Include="05. Scene\02. SceneScript">
      <UniqueIdentifier>{b0666581-1b21-4deb-894a-7299d0e8989d}</UniqueIdentifier>
    </Filter>
    <Filter Include="07. Component\01. Transform">
      <UniqueIdentifier>{ead63344-dfe8-43ee-87cf-47aaadd0f657}</UniqueIdentifier>
    </Filter>
    <Filter Include="07. Component\02. Renderer">
      <UniqueIdentifier>{301e27a0-ae18-4e92-9d1e-97b5dc4b6d37}</UniqueIdentifier>
    </Filter>
    <Filter Include="07. Component\03. Script">
      <UniqueIdentifier>{083be72d-fc58-4cc7-a6fc-4f429b2686d0}</UniqueIdentifier>
    </Filter>
    <Filter Include="07. Component\04. Camera">
      <UniqueIdentifier>{0d35d777-3515-440d-906b-402fdc0746a3}</UniqueIdentifier>
    </Filter>
    <Filter Include="07. Component\05. Material">
      <UniqueIdentifier>{8ef34f90-6153-4763-8b93-6f85a3145939}</UniqueIdentifier>
    </Filter>
    <Filter Include="07. Component\06. Animation">
      <UniqueIdentifier>{37477f54-776b-459f-96db-09cf60393d9f}</UniqueIdentifier>
    </Filter>
    <Filter Include="07. Component\07. Collider">
      <UniqueIdentifier>{f16525d3-38d0-430e-bb06-65f076600911}</UniqueIdentifier>
    </Filter>
    <Filter Include="07. Component\08. Terrain">
      <UniqueIdentifier>{a5f6a7b9-33c4-4a72-8421-72fdbd46c3b9}</UniqueIdentifier>
    </Filter>
    <Filter Include="07. Component\09. Mouse">
      <UniqueIdentifier>{4d9d50fb-d81d-4bae-9a7f-e8d2c1dfab21}</UniqueIdentifier>
    </Filter>
    <Filter Include="07. Component\10. UI">
      <UniqueIdentifier>{e154f5de-0761-490b-a4fe-73e331495773}</UniqueIdentifier>
    </Filter>
    <Filter Include="07. Component\11. Navigation">
      <UniqueIdentifier>{cd5ec548-382b-462c-83cd-c880003f13a8}</UniqueIdentifier>
    </Filter>
  </ItemGroup>
  <ItemGroup>
    <ClInclude Include="Engine.h">
      <Filter>헤더 파일</Filter>
    </ClInclude>
    <ClInclude Include="EngineFlag.h">
      <Filter>헤더 파일</Filter>
    </ClInclude>
    <ClInclude Include="EngineMacro.h">
      <Filter>헤더 파일</Filter>
    </ClInclude>
    <ClInclude Include="EngineTypes.h">
      <Filter>헤더 파일</Filter>
    </ClInclude>
    <ClInclude Include="Core\Core.h">
      <Filter>01. Core</Filter>
    </ClInclude>
    <ClInclude Include="Device\Device.h">
      <Filter>02. Device</Filter>
    </ClInclude>
    <ClInclude Include="Core\Math\Math.h">
      <Filter>01. Core\01. Math</Filter>
    </ClInclude>
    <ClInclude Include="Core\Math\Vector4.h">
      <Filter>01. Core\01. Math</Filter>
    </ClInclude>
    <ClInclude Include="Core\Math\Matrix.h">
      <Filter>01. Core\01. Math</Filter>
    </ClInclude>
    <ClInclude Include="Core\Math\Vector2.h">
      <Filter>01. Core\01. Math</Filter>
    </ClInclude>
    <ClInclude Include="Core\Math\Vector3.h">
      <Filter>01. Core\01. Math</Filter>
    </ClInclude>
    <ClInclude Include="Core\File\PathManager.h">
      <Filter>01. Core\02. File</Filter>
    </ClInclude>
    <ClInclude Include="Core\Obj.h">
      <Filter>01. Core</Filter>
    </ClInclude>
    <ClInclude Include="Core\Timer\Timer.h">
      <Filter>01. Core\03. Timer</Filter>
    </ClInclude>
    <ClInclude Include="Core\Timer\TimerManager.h">
      <Filter>01. Core\03. Timer</Filter>
    </ClInclude>
    <ClInclude Include="Resources\Mesh\Mesh.h">
      <Filter>03. Resources\01. Mesh</Filter>
    </ClInclude>
    <ClInclude Include="Resources\ResourcesManager.h">
      <Filter>03. Resources</Filter>
    </ClInclude>
    <ClInclude Include="Resources\Texture\DirectXTex.h">
      <Filter>03. Resources\02. Texture</Filter>
    </ClInclude>
    <ClInclude Include="Resources\Texture\Sampler.h">
      <Filter>03. Resources\02. Texture</Filter>
    </ClInclude>
    <ClInclude Include="Resources\Texture\Texture.h">
      <Filter>03. Resources\02. Texture</Filter>
    </ClInclude>
    <ClInclude Include="Rendering\Shader\Shader.h">
      <Filter>04. Rendering\01. Shader</Filter>
    </ClInclude>
    <ClInclude Include="Rendering\Shader\ShaderManager.h">
      <Filter>04. Rendering\01. Shader</Filter>
    </ClInclude>
    <ClInclude Include="Rendering\RenderState\RenderState.h">
      <Filter>04. Rendering\02. RenderState</Filter>
    </ClInclude>
    <ClInclude Include="Rendering\RenderState\BlendState.h">
      <Filter>04. Rendering\02. RenderState</Filter>
    </ClInclude>
    <ClInclude Include="Rendering\RenderState\DepthStencilState.h">
      <Filter>04. Rendering\02. RenderState</Filter>
    </ClInclude>
    <ClInclude Include="Rendering\RenderState\RasterizerState.h">
      <Filter>04. Rendering\02. RenderState</Filter>
    </ClInclude>
    <ClInclude Include="Rendering\RenderManager.h">
      <Filter>04. Rendering</Filter>
    </ClInclude>
    <ClInclude Include="Scene\Layer.h">
      <Filter>05. Scene\01. Layer</Filter>
    </ClInclude>
    <ClInclude Include="Scene\Scene.h">
      <Filter>05. Scene</Filter>
    </ClInclude>
    <ClInclude Include="Scene\SceneScript.h">
      <Filter>05. Scene\02. SceneScript</Filter>
    </ClInclude>
    <ClInclude Include="Scene\SceneManager.h">
      <Filter>05. Scene</Filter>
    </ClInclude>
    <ClInclude Include="GameObject\GameObject.h">
      <Filter>06. GameObject</Filter>
    </ClInclude>
    <ClInclude Include="Component\Component.h">
      <Filter>07. Component</Filter>
    </ClInclude>
    <ClInclude Include="Component\Transform\Transform.h">
      <Filter>07. Component\01. Transform</Filter>
    </ClInclude>
  </ItemGroup>
  <ItemGroup>
    <ClCompile Include="Core\Core.cpp">
      <Filter>01. Core</Filter>
    </ClCompile>
    <ClCompile Include="Device\Device.cpp">
      <Filter>02. Device</Filter>
    </ClCompile>
    <ClCompile Include="Core\Math\Vector4.cpp">
      <Filter>01. Core\01. Math</Filter>
    </ClCompile>
    <ClCompile Include="Core\Math\Vector3.cpp">
      <Filter>01. Core\01. Math</Filter>
    </ClCompile>
    <ClCompile Include="Core\Math\Vector2.cpp">
      <Filter>01. Core\01. Math</Filter>
    </ClCompile>
    <ClCompile Include="Core\Math\Matrix.cpp">
      <Filter>01. Core\01. Math</Filter>
    </ClCompile>
    <ClCompile Include="Core\File\PathManager.cpp">
      <Filter>01. Core\02. File</Filter>
    </ClCompile>
    <ClCompile Include="Core\Obj.cpp">
      <Filter>01. Core</Filter>
    </ClCompile>
    <ClCompile Include="Core\Timer\Timer.cpp">
      <Filter>01. Core\03. Timer</Filter>
    </ClCompile>
    <ClCompile Include="Core\Timer\TimerManager.cpp">
      <Filter>01. Core\03. Timer</Filter>
    </ClCompile>
    <ClCompile Include="Resources\Mesh\Mesh.cpp">
      <Filter>03. Resources\01. Mesh</Filter>
    </ClCompile>
    <ClCompile Include="Resources\ResourcesManager.cpp">
      <Filter>03. Resources</Filter>
    </ClCompile>
    <ClCompile Include="Resources\Texture\Sampler.cpp">
      <Filter>03. Resources\02. Texture</Filter>
    </ClCompile>
    <ClCompile Include="Resources\Texture\Texture.cpp">
      <Filter>03. Resources\02. Texture</Filter>
    </ClCompile>
    <ClCompile Include="Rendering\Shader\Shader.cpp">
      <Filter>04. Rendering\01. Shader</Filter>
    </ClCompile>
    <ClCompile Include="Rendering\Shader\ShaderManager.cpp">
      <Filter>04. Rendering\01. Shader</Filter>
    </ClCompile>
    <ClCompile Include="Rendering\RenderState\RenderState.cpp">
      <Filter>04. Rendering\02. RenderState</Filter>
    </ClCompile>
    <ClCompile Include="Rendering\RenderState\BlendState.cpp">
      <Filter>04. Rendering\02. RenderState</Filter>
    </ClCompile>
    <ClCompile Include="Rendering\RenderState\DepthStencilState.cpp">
      <Filter>04. Rendering\02. RenderState</Filter>
    </ClCompile>
    <ClCompile Include="Rendering\RenderState\RasterizerState.cpp">
      <Filter>04. Rendering\02. RenderState</Filter>
    </ClCompile>
    <ClCompile Include="Rendering\RenderManager.cpp">
      <Filter>04. Rendering</Filter>
    </ClCompile>
    <ClCompile Include="Scene\Layer.cpp">
      <Filter>05. Scene\01. Layer</Filter>
    </ClCompile>
    <ClCompile Include="Scene\Scene.cpp">
      <Filter>05. Scene</Filter>
    </ClCompile>
    <ClCompile Include="Scene\SceneScript.cpp">
      <Filter>05. Scene\02. SceneScript</Filter>
    </ClCompile>
    <ClCompile Include="Scene\SceneManager.cpp">
      <Filter>05. Scene</Filter>
    </ClCompile>
    <ClCompile Include="GameObject\GameObject.cpp">
      <Filter>06. GameObject</Filter>
    </ClCompile>
    <ClCompile Include="Component\Component.cpp">
      <Filter>07. Component</Filter>
    </ClCompile>
    <ClCompile Include="Component\Transform\Transform.cpp">
      <Filter>07. Component\01. Transform</Filter>
    </ClCompile>
  </ItemGroup>
  <ItemGroup>
    <None Include="Resources\Texture\DirectXTex.inl">
      <Filter>03. Resources\02. Texture</Filter>
    </None>
  </ItemGroup>
  <ItemGroup>
    <FxCompile Include="..\Bin_Debug\Shader\Share.fx">
      <Filter>04. Rendering\01. Shader\01. HLSL</Filter>
    </FxCompile>
    <FxCompile Include="..\Bin_Debug\Shader\Standard.fx">
      <Filter>04. Rendering\01. Shader\01. HLSL</Filter>
    </FxCompile>
    <FxCompile Include="..\Bin_Debug\Shader\UI.fx">
      <Filter>04. Rendering\01. Shader\01. HLSL</Filter>
    </FxCompile>
    <FxCompile Include="..\Bin_Debug\Shader\Collider.fx">
      <Filter>04. Rendering\01. Shader\01. HLSL</Filter>
    </FxCompile>
  </ItemGroup>
</Project>